
Microsoft Visual Studio Solution File, Format Version 12.00
# Visual Studio 15
VisualStudioVersion = 15.0.26730.16
MinimumVisualStudioVersion = 10.0.40219.1
Project("{9A19103F-16F7-4668-BE54-9A1E7A4F7556}") = "CoAPNet", "src\CoAPNet\CoAPNet.csproj", "{0D43122B-4D99-41B1-B855-5D780F85464A}"
EndProject
Project("{9A19103F-16F7-4668-BE54-9A1E7A4F7556}") = "CoAPNet.Tests", "tests\CoAPNet.Tests\CoAPNet.Tests.csproj", "{F0CD0A8A-9772-4482-9526-D2EEE29E37D1}"
	ProjectSection(ProjectDependencies) = postProject
		{0D43122B-4D99-41B1-B855-5D780F85464A} = {0D43122B-4D99-41B1-B855-5D780F85464A}
	EndProjectSection
EndProject
Project("{2150E333-8FDC-42A3-9474-1A3956D46DE8}") = "Solution Items", "Solution Items", "{5DEE3DA1-A0CD-4291-964E-4CE25FCDA74F}"
	ProjectSection(SolutionItems) = preProject
		appveyor.release.yml = appveyor.release.yml
		appveyor.yml = appveyor.yml
		Changelog.md = Changelog.md
		LICENSE = LICENSE
		Readme.md = Readme.md
	EndProjectSection
EndProject
Project("{9A19103F-16F7-4668-BE54-9A1E7A4F7556}") = "CoAPNet.Udp", "src\CoAPNet.Udp\CoAPNet.Udp.csproj", "{5A4DEFAA-29CB-432F-83BF-5970304DCD6C}"
EndProject
Project("{9A19103F-16F7-4668-BE54-9A1E7A4F7556}") = "CoAPNet.Server", "src\CoAPNet.Server\CoAPNet.Server.csproj", "{0484D42B-8BC9-42E4-9C70-DB505779F1E0}"
EndProject
Project("{2150E333-8FDC-42A3-9474-1A3956D46DE8}") = "src", "src", "{52B2CE1E-A7E7-4680-A8A5-77D57FC85BAC}"
EndProject
Project("{2150E333-8FDC-42A3-9474-1A3956D46DE8}") = "tests", "tests", "{27BE0661-DCC9-431F-B162-F0C557216818}"
EndProject
Project("{E24C65DC-7377-472B-9ABA-BC803B73C61A}") = "docs", "docs\", "{8B703C8D-4F8C-4362-96A6-EE4F58E41878}"
	ProjectSection(WebsiteProperties) = preProject
		TargetFrameworkMoniker = ".NETFramework,Version%3Dv4.0"
		Debug.AspNetCompiler.VirtualPath = "/localhost_7096"
		Debug.AspNetCompiler.PhysicalPath = "docs\"
		Debug.AspNetCompiler.TargetPath = "PrecompiledWeb\localhost_7096\"
		Debug.AspNetCompiler.Updateable = "true"
		Debug.AspNetCompiler.ForceOverwrite = "true"
		Debug.AspNetCompiler.FixedNames = "false"
		Debug.AspNetCompiler.Debug = "True"
		Release.AspNetCompiler.VirtualPath = "/localhost_7096"
		Release.AspNetCompiler.PhysicalPath = "docs\"
		Release.AspNetCompiler.TargetPath = "PrecompiledWeb\localhost_7096\"
		Release.AspNetCompiler.Updateable = "true"
		Release.AspNetCompiler.ForceOverwrite = "true"
		Release.AspNetCompiler.FixedNames = "false"
		Release.AspNetCompiler.Debug = "False"
		VWDPort = "7096"
		SlnRelativePath = "docs\"
	EndProjectSection
EndProject
Project("{2150E333-8FDC-42A3-9474-1A3956D46DE8}") = "samples", "samples", "{D0A55628-C828-46C9-8D7F-9459A3D7E842}"
EndProject
Project("{9A19103F-16F7-4668-BE54-9A1E7A4F7556}") = "SimpleServer", "samples\SimpleServer\SimpleServer.csproj", "{C71DF882-57F7-4DEF-8F33-780ED74FFE45}"
EndProject
Project("{9A19103F-16F7-4668-BE54-9A1E7A4F7556}") = "SimpleClient", "samples\SimpleClient\SimpleClient.csproj", "{0FBF6275-BA06-46C3-89F4-9CA34EBE2D9B}"
EndProject
Project("{FAE04EC0-301F-11D3-BF4B-00C04F79EFBC}") = "CoApNet.Udp.Tests", "Tests\CoApNet.Udp.Tests\CoApNet.Udp.Tests.csproj", "{8318FB85-582A-42E2-85D9-A65BC737B2F5}"
EndProject
Project("{9A19103F-16F7-4668-BE54-9A1E7A4F7556}") = "Multicast", "samples\Multicast\Multicast.csproj", "{3CB6326E-878B-4171-88FC-8D5ACA412C5E}"
EndProject
Global
	GlobalSection(SolutionConfigurationPlatforms) = preSolution
		AppVeyor|Any CPU = AppVeyor|Any CPU
		AppVeyor|x64 = AppVeyor|x64
		AppVeyor|x86 = AppVeyor|x86
		Debug|Any CPU = Debug|Any CPU
		Debug|x64 = Debug|x64
		Debug|x86 = Debug|x86
		Release|Any CPU = Release|Any CPU
		Release|x64 = Release|x64
		Release|x86 = Release|x86
	EndGlobalSection
	GlobalSection(ProjectConfigurationPlatforms) = postSolution
		{0D43122B-4D99-41B1-B855-5D780F85464A}.AppVeyor|Any CPU.ActiveCfg = AppVeyor|Any CPU
		{0D43122B-4D99-41B1-B855-5D780F85464A}.AppVeyor|Any CPU.Build.0 = AppVeyor|Any CPU
		{0D43122B-4D99-41B1-B855-5D780F85464A}.AppVeyor|x64.ActiveCfg = Release|Any CPU
		{0D43122B-4D99-41B1-B855-5D780F85464A}.AppVeyor|x64.Build.0 = Release|Any CPU
		{0D43122B-4D99-41B1-B855-5D780F85464A}.AppVeyor|x86.ActiveCfg = Release|Any CPU
		{0D43122B-4D99-41B1-B855-5D780F85464A}.AppVeyor|x86.Build.0 = Release|Any CPU
		{0D43122B-4D99-41B1-B855-5D780F85464A}.Debug|Any CPU.ActiveCfg = Debug|Any CPU
		{0D43122B-4D99-41B1-B855-5D780F85464A}.Debug|Any CPU.Build.0 = Debug|Any CPU
		{0D43122B-4D99-41B1-B855-5D780F85464A}.Debug|x64.ActiveCfg = Debug|Any CPU
		{0D43122B-4D99-41B1-B855-5D780F85464A}.Debug|x64.Build.0 = Debug|Any CPU
		{0D43122B-4D99-41B1-B855-5D780F85464A}.Debug|x86.ActiveCfg = Debug|Any CPU
		{0D43122B-4D99-41B1-B855-5D780F85464A}.Debug|x86.Build.0 = Debug|Any CPU
		{0D43122B-4D99-41B1-B855-5D780F85464A}.Release|Any CPU.ActiveCfg = Release|Any CPU
		{0D43122B-4D99-41B1-B855-5D780F85464A}.Release|Any CPU.Build.0 = Release|Any CPU
		{0D43122B-4D99-41B1-B855-5D780F85464A}.Release|x64.ActiveCfg = Release|Any CPU
		{0D43122B-4D99-41B1-B855-5D780F85464A}.Release|x64.Build.0 = Release|Any CPU
		{0D43122B-4D99-41B1-B855-5D780F85464A}.Release|x86.ActiveCfg = Release|Any CPU
		{0D43122B-4D99-41B1-B855-5D780F85464A}.Release|x86.Build.0 = Release|Any CPU
		{F0CD0A8A-9772-4482-9526-D2EEE29E37D1}.AppVeyor|Any CPU.ActiveCfg = AppVeyor|Any CPU
		{F0CD0A8A-9772-4482-9526-D2EEE29E37D1}.AppVeyor|Any CPU.Build.0 = AppVeyor|Any CPU
		{F0CD0A8A-9772-4482-9526-D2EEE29E37D1}.AppVeyor|x64.ActiveCfg = AppVeyor|Any CPU
		{F0CD0A8A-9772-4482-9526-D2EEE29E37D1}.AppVeyor|x64.Build.0 = AppVeyor|Any CPU
		{F0CD0A8A-9772-4482-9526-D2EEE29E37D1}.AppVeyor|x86.ActiveCfg = AppVeyor|Any CPU
		{F0CD0A8A-9772-4482-9526-D2EEE29E37D1}.AppVeyor|x86.Build.0 = AppVeyor|Any CPU
		{F0CD0A8A-9772-4482-9526-D2EEE29E37D1}.Debug|Any CPU.ActiveCfg = Debug|Any CPU
		{F0CD0A8A-9772-4482-9526-D2EEE29E37D1}.Debug|Any CPU.Build.0 = Debug|Any CPU
		{F0CD0A8A-9772-4482-9526-D2EEE29E37D1}.Debug|x64.ActiveCfg = Debug|Any CPU
		{F0CD0A8A-9772-4482-9526-D2EEE29E37D1}.Debug|x64.Build.0 = Debug|Any CPU
		{F0CD0A8A-9772-4482-9526-D2EEE29E37D1}.Debug|x86.ActiveCfg = Debug|Any CPU
		{F0CD0A8A-9772-4482-9526-D2EEE29E37D1}.Debug|x86.Build.0 = Debug|Any CPU
		{F0CD0A8A-9772-4482-9526-D2EEE29E37D1}.Release|Any CPU.ActiveCfg = Release|Any CPU
		{F0CD0A8A-9772-4482-9526-D2EEE29E37D1}.Release|Any CPU.Build.0 = Release|Any CPU
		{F0CD0A8A-9772-4482-9526-D2EEE29E37D1}.Release|x64.ActiveCfg = Release|Any CPU
		{F0CD0A8A-9772-4482-9526-D2EEE29E37D1}.Release|x64.Build.0 = Release|Any CPU
		{F0CD0A8A-9772-4482-9526-D2EEE29E37D1}.Release|x86.ActiveCfg = Release|Any CPU
		{F0CD0A8A-9772-4482-9526-D2EEE29E37D1}.Release|x86.Build.0 = Release|Any CPU
		{5A4DEFAA-29CB-432F-83BF-5970304DCD6C}.AppVeyor|Any CPU.ActiveCfg = AppVeyor|Any CPU
		{5A4DEFAA-29CB-432F-83BF-5970304DCD6C}.AppVeyor|Any CPU.Build.0 = AppVeyor|Any CPU
		{5A4DEFAA-29CB-432F-83BF-5970304DCD6C}.AppVeyor|x64.ActiveCfg = AppVeyor|Any CPU
		{5A4DEFAA-29CB-432F-83BF-5970304DCD6C}.AppVeyor|x64.Build.0 = AppVeyor|Any CPU
		{5A4DEFAA-29CB-432F-83BF-5970304DCD6C}.AppVeyor|x86.ActiveCfg = AppVeyor|Any CPU
		{5A4DEFAA-29CB-432F-83BF-5970304DCD6C}.AppVeyor|x86.Build.0 = AppVeyor|Any CPU
		{5A4DEFAA-29CB-432F-83BF-5970304DCD6C}.Debug|Any CPU.ActiveCfg = Debug|Any CPU
		{5A4DEFAA-29CB-432F-83BF-5970304DCD6C}.Debug|Any CPU.Build.0 = Debug|Any CPU
		{5A4DEFAA-29CB-432F-83BF-5970304DCD6C}.Debug|x64.ActiveCfg = Debug|Any CPU
		{5A4DEFAA-29CB-432F-83BF-5970304DCD6C}.Debug|x64.Build.0 = Debug|Any CPU
		{5A4DEFAA-29CB-432F-83BF-5970304DCD6C}.Debug|x86.ActiveCfg = Debug|Any CPU
		{5A4DEFAA-29CB-432F-83BF-5970304DCD6C}.Debug|x86.Build.0 = Debug|Any CPU
		{5A4DEFAA-29CB-432F-83BF-5970304DCD6C}.Release|Any CPU.ActiveCfg = Release|Any CPU
		{5A4DEFAA-29CB-432F-83BF-5970304DCD6C}.Release|Any CPU.Build.0 = Release|Any CPU
		{5A4DEFAA-29CB-432F-83BF-5970304DCD6C}.Release|x64.ActiveCfg = Release|Any CPU
		{5A4DEFAA-29CB-432F-83BF-5970304DCD6C}.Release|x64.Build.0 = Release|Any CPU
		{5A4DEFAA-29CB-432F-83BF-5970304DCD6C}.Release|x86.ActiveCfg = Release|Any CPU
		{5A4DEFAA-29CB-432F-83BF-5970304DCD6C}.Release|x86.Build.0 = Release|Any CPU
		{0484D42B-8BC9-42E4-9C70-DB505779F1E0}.AppVeyor|Any CPU.ActiveCfg = Debug|Any CPU
		{0484D42B-8BC9-42E4-9C70-DB505779F1E0}.AppVeyor|Any CPU.Build.0 = Debug|Any CPU
		{0484D42B-8BC9-42E4-9C70-DB505779F1E0}.AppVeyor|x64.ActiveCfg = Debug|Any CPU
		{0484D42B-8BC9-42E4-9C70-DB505779F1E0}.AppVeyor|x64.Build.0 = Debug|Any CPU
		{0484D42B-8BC9-42E4-9C70-DB505779F1E0}.AppVeyor|x86.ActiveCfg = Debug|Any CPU
		{0484D42B-8BC9-42E4-9C70-DB505779F1E0}.AppVeyor|x86.Build.0 = Debug|Any CPU
		{0484D42B-8BC9-42E4-9C70-DB505779F1E0}.Debug|Any CPU.ActiveCfg = Debug|Any CPU
		{0484D42B-8BC9-42E4-9C70-DB505779F1E0}.Debug|Any CPU.Build.0 = Debug|Any CPU
		{0484D42B-8BC9-42E4-9C70-DB505779F1E0}.Debug|x64.ActiveCfg = Debug|Any CPU
		{0484D42B-8BC9-42E4-9C70-DB505779F1E0}.Debug|x64.Build.0 = Debug|Any CPU
		{0484D42B-8BC9-42E4-9C70-DB505779F1E0}.Debug|x86.ActiveCfg = Debug|Any CPU
		{0484D42B-8BC9-42E4-9C70-DB505779F1E0}.Debug|x86.Build.0 = Debug|Any CPU
		{0484D42B-8BC9-42E4-9C70-DB505779F1E0}.Release|Any CPU.ActiveCfg = Release|Any CPU
		{0484D42B-8BC9-42E4-9C70-DB505779F1E0}.Release|Any CPU.Build.0 = Release|Any CPU
		{0484D42B-8BC9-42E4-9C70-DB505779F1E0}.Release|x64.ActiveCfg = Release|Any CPU
		{0484D42B-8BC9-42E4-9C70-DB505779F1E0}.Release|x64.Build.0 = Release|Any CPU
		{0484D42B-8BC9-42E4-9C70-DB505779F1E0}.Release|x86.ActiveCfg = Release|Any CPU
		{0484D42B-8BC9-42E4-9C70-DB505779F1E0}.Release|x86.Build.0 = Release|Any CPU
		{8B703C8D-4F8C-4362-96A6-EE4F58E41878}.AppVeyor|Any CPU.ActiveCfg = Debug|Any CPU
		{8B703C8D-4F8C-4362-96A6-EE4F58E41878}.AppVeyor|x64.ActiveCfg = Debug|Any CPU
		{8B703C8D-4F8C-4362-96A6-EE4F58E41878}.AppVeyor|x64.Build.0 = Debug|Any CPU
		{8B703C8D-4F8C-4362-96A6-EE4F58E41878}.AppVeyor|x86.ActiveCfg = Debug|Any CPU
		{8B703C8D-4F8C-4362-96A6-EE4F58E41878}.AppVeyor|x86.Build.0 = Debug|Any CPU
		{8B703C8D-4F8C-4362-96A6-EE4F58E41878}.Debug|Any CPU.ActiveCfg = Debug|Any CPU
		{8B703C8D-4F8C-4362-96A6-EE4F58E41878}.Debug|x64.ActiveCfg = Debug|Any CPU
		{8B703C8D-4F8C-4362-96A6-EE4F58E41878}.Debug|x64.Build.0 = Debug|Any CPU
		{8B703C8D-4F8C-4362-96A6-EE4F58E41878}.Debug|x86.ActiveCfg = Debug|Any CPU
		{8B703C8D-4F8C-4362-96A6-EE4F58E41878}.Debug|x86.Build.0 = Debug|Any CPU
		{8B703C8D-4F8C-4362-96A6-EE4F58E41878}.Release|Any CPU.ActiveCfg = Debug|Any CPU
		{8B703C8D-4F8C-4362-96A6-EE4F58E41878}.Release|x64.ActiveCfg = Debug|Any CPU
		{8B703C8D-4F8C-4362-96A6-EE4F58E41878}.Release|x64.Build.0 = Debug|Any CPU
		{8B703C8D-4F8C-4362-96A6-EE4F58E41878}.Release|x86.ActiveCfg = Debug|Any CPU
		{8B703C8D-4F8C-4362-96A6-EE4F58E41878}.Release|x86.Build.0 = Debug|Any CPU
		{C71DF882-57F7-4DEF-8F33-780ED74FFE45}.AppVeyor|Any CPU.ActiveCfg = Debug|Any CPU
		{C71DF882-57F7-4DEF-8F33-780ED74FFE45}.AppVeyor|Any CPU.Build.0 = Debug|Any CPU
		{C71DF882-57F7-4DEF-8F33-780ED74FFE45}.AppVeyor|x64.ActiveCfg = Debug|Any CPU
		{C71DF882-57F7-4DEF-8F33-780ED74FFE45}.AppVeyor|x64.Build.0 = Debug|Any CPU
		{C71DF882-57F7-4DEF-8F33-780ED74FFE45}.AppVeyor|x86.ActiveCfg = Debug|Any CPU
		{C71DF882-57F7-4DEF-8F33-780ED74FFE45}.AppVeyor|x86.Build.0 = Debug|Any CPU
		{C71DF882-57F7-4DEF-8F33-780ED74FFE45}.Debug|Any CPU.ActiveCfg = Debug|Any CPU
		{C71DF882-57F7-4DEF-8F33-780ED74FFE45}.Debug|Any CPU.Build.0 = Debug|Any CPU
		{C71DF882-57F7-4DEF-8F33-780ED74FFE45}.Debug|x64.ActiveCfg = Debug|Any CPU
		{C71DF882-57F7-4DEF-8F33-780ED74FFE45}.Debug|x64.Build.0 = Debug|Any CPU
		{C71DF882-57F7-4DEF-8F33-780ED74FFE45}.Debug|x86.ActiveCfg = Debug|Any CPU
		{C71DF882-57F7-4DEF-8F33-780ED74FFE45}.Debug|x86.Build.0 = Debug|Any CPU
		{C71DF882-57F7-4DEF-8F33-780ED74FFE45}.Release|Any CPU.ActiveCfg = Release|Any CPU
		{C71DF882-57F7-4DEF-8F33-780ED74FFE45}.Release|x64.ActiveCfg = Release|Any CPU
		{C71DF882-57F7-4DEF-8F33-780ED74FFE45}.Release|x64.Build.0 = Release|Any CPU
		{C71DF882-57F7-4DEF-8F33-780ED74FFE45}.Release|x86.ActiveCfg = Release|Any CPU
		{C71DF882-57F7-4DEF-8F33-780ED74FFE45}.Release|x86.Build.0 = Release|Any CPU
		{0FBF6275-BA06-46C3-89F4-9CA34EBE2D9B}.AppVeyor|Any CPU.ActiveCfg = Debug|Any CPU
		{0FBF6275-BA06-46C3-89F4-9CA34EBE2D9B}.AppVeyor|Any CPU.Build.0 = Debug|Any CPU
		{0FBF6275-BA06-46C3-89F4-9CA34EBE2D9B}.AppVeyor|x64.ActiveCfg = Debug|Any CPU
		{0FBF6275-BA06-46C3-89F4-9CA34EBE2D9B}.AppVeyor|x64.Build.0 = Debug|Any CPU
		{0FBF6275-BA06-46C3-89F4-9CA34EBE2D9B}.AppVeyor|x86.ActiveCfg = Debug|Any CPU
		{0FBF6275-BA06-46C3-89F4-9CA34EBE2D9B}.AppVeyor|x86.Build.0 = Debug|Any CPU
		{0FBF6275-BA06-46C3-89F4-9CA34EBE2D9B}.Debug|Any CPU.ActiveCfg = Debug|Any CPU
		{0FBF6275-BA06-46C3-89F4-9CA34EBE2D9B}.Debug|Any CPU.Build.0 = Debug|Any CPU
		{0FBF6275-BA06-46C3-89F4-9CA34EBE2D9B}.Debug|x64.ActiveCfg = Debug|Any CPU
		{0FBF6275-BA06-46C3-89F4-9CA34EBE2D9B}.Debug|x64.Build.0 = Debug|Any CPU
		{0FBF6275-BA06-46C3-89F4-9CA34EBE2D9B}.Debug|x86.ActiveCfg = Debug|Any CPU
		{0FBF6275-BA06-46C3-89F4-9CA34EBE2D9B}.Debug|x86.Build.0 = Debug|Any CPU
		{0FBF6275-BA06-46C3-89F4-9CA34EBE2D9B}.Release|Any CPU.ActiveCfg = Release|Any CPU
		{0FBF6275-BA06-46C3-89F4-9CA34EBE2D9B}.Release|x64.ActiveCfg = Release|Any CPU
		{0FBF6275-BA06-46C3-89F4-9CA34EBE2D9B}.Release|x64.Build.0 = Release|Any CPU
		{0FBF6275-BA06-46C3-89F4-9CA34EBE2D9B}.Release|x86.ActiveCfg = Release|Any CPU
		{0FBF6275-BA06-46C3-89F4-9CA34EBE2D9B}.Release|x86.Build.0 = Release|Any CPU
		{8318FB85-582A-42E2-85D9-A65BC737B2F5}.AppVeyor|Any CPU.ActiveCfg = Debug|Any CPU
		{8318FB85-582A-42E2-85D9-A65BC737B2F5}.AppVeyor|Any CPU.Build.0 = Debug|Any CPU
		{8318FB85-582A-42E2-85D9-A65BC737B2F5}.AppVeyor|x64.ActiveCfg = Debug|Any CPU
		{8318FB85-582A-42E2-85D9-A65BC737B2F5}.AppVeyor|x64.Build.0 = Debug|Any CPU
		{8318FB85-582A-42E2-85D9-A65BC737B2F5}.AppVeyor|x86.ActiveCfg = Debug|Any CPU
		{8318FB85-582A-42E2-85D9-A65BC737B2F5}.AppVeyor|x86.Build.0 = Debug|Any CPU
		{8318FB85-582A-42E2-85D9-A65BC737B2F5}.Debug|Any CPU.ActiveCfg = Debug|Any CPU
		{8318FB85-582A-42E2-85D9-A65BC737B2F5}.Debug|Any CPU.Build.0 = Debug|Any CPU
		{8318FB85-582A-42E2-85D9-A65BC737B2F5}.Debug|x64.ActiveCfg = Debug|Any CPU
		{8318FB85-582A-42E2-85D9-A65BC737B2F5}.Debug|x64.Build.0 = Debug|Any CPU
		{8318FB85-582A-42E2-85D9-A65BC737B2F5}.Debug|x86.ActiveCfg = Debug|Any CPU
		{8318FB85-582A-42E2-85D9-A65BC737B2F5}.Debug|x86.Build.0 = Debug|Any CPU
		{8318FB85-582A-42E2-85D9-A65BC737B2F5}.Release|Any CPU.ActiveCfg = Release|Any CPU
		{8318FB85-582A-42E2-85D9-A65BC737B2F5}.Release|Any CPU.Build.0 = Release|Any CPU
		{8318FB85-582A-42E2-85D9-A65BC737B2F5}.Release|x64.ActiveCfg = Release|Any CPU
		{8318FB85-582A-42E2-85D9-A65BC737B2F5}.Release|x64.Build.0 = Release|Any CPU
		{8318FB85-582A-42E2-85D9-A65BC737B2F5}.Release|x86.ActiveCfg = Release|Any CPU
		{8318FB85-582A-42E2-85D9-A65BC737B2F5}.Release|x86.Build.0 = Release|Any CPU
		{3CB6326E-878B-4171-88FC-8D5ACA412C5E}.AppVeyor|Any CPU.ActiveCfg = Debug|Any CPU
		{3CB6326E-878B-4171-88FC-8D5ACA412C5E}.AppVeyor|Any CPU.Build.0 = Debug|Any CPU
		{3CB6326E-878B-4171-88FC-8D5ACA412C5E}.AppVeyor|x64.ActiveCfg = Debug|Any CPU
		{3CB6326E-878B-4171-88FC-8D5ACA412C5E}.AppVeyor|x64.Build.0 = Debug|Any CPU
		{3CB6326E-878B-4171-88FC-8D5ACA412C5E}.AppVeyor|x86.ActiveCfg = Debug|Any CPU
		{3CB6326E-878B-4171-88FC-8D5ACA412C5E}.AppVeyor|x86.Build.0 = Debug|Any CPU
		{3CB6326E-878B-4171-88FC-8D5ACA412C5E}.Debug|Any CPU.ActiveCfg = Debug|Any CPU
		{3CB6326E-878B-4171-88FC-8D5ACA412C5E}.Debug|Any CPU.Build.0 = Debug|Any CPU
		{3CB6326E-878B-4171-88FC-8D5ACA412C5E}.Debug|x64.ActiveCfg = Debug|Any CPU
		{3CB6326E-878B-4171-88FC-8D5ACA412C5E}.Debug|x64.Build.0 = Debug|Any CPU
		{3CB6326E-878B-4171-88FC-8D5ACA412C5E}.Debug|x86.ActiveCfg = Debug|Any CPU
		{3CB6326E-878B-4171-88FC-8D5ACA412C5E}.Debug|x86.Build.0 = Debug|Any CPU
		{3CB6326E-878B-4171-88FC-8D5ACA412C5E}.Release|Any CPU.ActiveCfg = Release|Any CPU
		{3CB6326E-878B-4171-88FC-8D5ACA412C5E}.Release|Any CPU.Build.0 = Release|Any CPU
		{3CB6326E-878B-4171-88FC-8D5ACA412C5E}.Release|x64.ActiveCfg = Release|Any CPU
		{3CB6326E-878B-4171-88FC-8D5ACA412C5E}.Release|x64.Build.0 = Release|Any CPU
		{3CB6326E-878B-4171-88FC-8D5ACA412C5E}.Release|x86.ActiveCfg = Release|Any CPU
		{3CB6326E-878B-4171-88FC-8D5ACA412C5E}.Release|x86.Build.0 = Release|Any CPU
	EndGlobalSection
	GlobalSection(SolutionProperties) = preSolution
		HideSolutionNode = FALSE
	EndGlobalSection
	GlobalSection(NestedProjects) = preSolution
		{0D43122B-4D99-41B1-B855-5D780F85464A} = {52B2CE1E-A7E7-4680-A8A5-77D57FC85BAC}
		{F0CD0A8A-9772-4482-9526-D2EEE29E37D1} = {27BE0661-DCC9-431F-B162-F0C557216818}
		{5A4DEFAA-29CB-432F-83BF-5970304DCD6C} = {52B2CE1E-A7E7-4680-A8A5-77D57FC85BAC}
		{0484D42B-8BC9-42E4-9C70-DB505779F1E0} = {52B2CE1E-A7E7-4680-A8A5-77D57FC85BAC}
		{C71DF882-57F7-4DEF-8F33-780ED74FFE45} = {D0A55628-C828-46C9-8D7F-9459A3D7E842}
		{0FBF6275-BA06-46C3-89F4-9CA34EBE2D9B} = {D0A55628-C828-46C9-8D7F-9459A3D7E842}
		{8318FB85-582A-42E2-85D9-A65BC737B2F5} = {27BE0661-DCC9-431F-B162-F0C557216818}
		{3CB6326E-878B-4171-88FC-8D5ACA412C5E} = {D0A55628-C828-46C9-8D7F-9459A3D7E842}
	EndGlobalSection
	GlobalSection(ExtensibilityGlobals) = postSolution
		SolutionGuid = {B787D906-3CA5-478D-BCE3-E8B7556B55B8}
	EndGlobalSection
EndGlobal
