
Microsoft Visual Studio Solution File, Format Version 12.00
# Visual Studio 15
VisualStudioVersion = 15.0.26730.15
MinimumVisualStudioVersion = 10.0.40219.1
Project("{9A19103F-16F7-4668-BE54-9A1E7A4F7556}") = "CoAPNet", "src/CoAPNet\CoAPNet.csproj", "{0D43122B-4D99-41B1-B855-5D780F85464A}"
EndProject
Project("{9A19103F-16F7-4668-BE54-9A1E7A4F7556}") = "CoAPNet.Tests", "tests/CoAPNet.Tests\CoAPNet.Tests.csproj", "{F0CD0A8A-9772-4482-9526-D2EEE29E37D1}"
	ProjectSection(ProjectDependencies) = postProject
		{0D43122B-4D99-41B1-B855-5D780F85464A} = {0D43122B-4D99-41B1-B855-5D780F85464A}
	EndProjectSection
EndProject
Project("{2150E333-8FDC-42A3-9474-1A3956D46DE8}") = "Solution Items", "Solution Items", "{5DEE3DA1-A0CD-4291-964E-4CE25FCDA74F}"
	ProjectSection(SolutionItems) = preProject
		Changelog.md = Changelog.md
		LICENSE = LICENSE
		Readme.md = Readme.md
	EndProjectSection
EndProject
Project("{9A19103F-16F7-4668-BE54-9A1E7A4F7556}") = "CoAPNet.Udp", "src/CoAPNet.Udp\CoAPNet.Udp.csproj", "{5A4DEFAA-29CB-432F-83BF-5970304DCD6C}"
EndProject
Project("{9A19103F-16F7-4668-BE54-9A1E7A4F7556}") = "CoAPNet.Server", "src/CoAPNet.Server\CoAPNet.Server.csproj", "{0484D42B-8BC9-42E4-9C70-DB505779F1E0}"
EndProject
Project("{2150E333-8FDC-42A3-9474-1A3956D46DE8}") = "src", "src", "{52B2CE1E-A7E7-4680-A8A5-77D57FC85BAC}"
EndProject
Project("{2150E333-8FDC-42A3-9474-1A3956D46DE8}") = "tests", "tests", "{27BE0661-DCC9-431F-B162-F0C557216818}"
EndProject
Global
	GlobalSection(SolutionConfigurationPlatforms) = preSolution
		AppVeyor|Any CPU = AppVeyor|Any CPU
		AppVeyor|x64 = AppVeyor|x64
		AppVeyor|x86 = AppVeyor|x86
		Debug|Any CPU = Debug|Any CPU
		Debug|x64 = Debug|x64
		Debug|x86 = Debug|x86
		Release|Any CPU = Release|Any CPU
		Release|x64 = Release|x64
		Release|x86 = Release|x86
	EndGlobalSection
	GlobalSection(ProjectConfigurationPlatforms) = postSolution
		{0D43122B-4D99-41B1-B855-5D780F85464A}.AppVeyor|Any CPU.ActiveCfg = AppVeyor|Any CPU
		{0D43122B-4D99-41B1-B855-5D780F85464A}.AppVeyor|Any CPU.Build.0 = AppVeyor|Any CPU
		{0D43122B-4D99-41B1-B855-5D780F85464A}.AppVeyor|x64.ActiveCfg = Release|Any CPU
		{0D43122B-4D99-41B1-B855-5D780F85464A}.AppVeyor|x64.Build.0 = Release|Any CPU
		{0D43122B-4D99-41B1-B855-5D780F85464A}.AppVeyor|x86.ActiveCfg = Release|Any CPU
		{0D43122B-4D99-41B1-B855-5D780F85464A}.AppVeyor|x86.Build.0 = Release|Any CPU
		{0D43122B-4D99-41B1-B855-5D780F85464A}.Debug|Any CPU.ActiveCfg = Debug|Any CPU
		{0D43122B-4D99-41B1-B855-5D780F85464A}.Debug|Any CPU.Build.0 = Debug|Any CPU
		{0D43122B-4D99-41B1-B855-5D780F85464A}.Debug|x64.ActiveCfg = Debug|Any CPU
		{0D43122B-4D99-41B1-B855-5D780F85464A}.Debug|x64.Build.0 = Debug|Any CPU
		{0D43122B-4D99-41B1-B855-5D780F85464A}.Debug|x86.ActiveCfg = Debug|Any CPU
		{0D43122B-4D99-41B1-B855-5D780F85464A}.Debug|x86.Build.0 = Debug|Any CPU
		{0D43122B-4D99-41B1-B855-5D780F85464A}.Release|Any CPU.ActiveCfg = Release|Any CPU
		{0D43122B-4D99-41B1-B855-5D780F85464A}.Release|Any CPU.Build.0 = Release|Any CPU
		{0D43122B-4D99-41B1-B855-5D780F85464A}.Release|x64.ActiveCfg = Release|Any CPU
		{0D43122B-4D99-41B1-B855-5D780F85464A}.Release|x64.Build.0 = Release|Any CPU
		{0D43122B-4D99-41B1-B855-5D780F85464A}.Release|x86.ActiveCfg = Release|Any CPU
		{0D43122B-4D99-41B1-B855-5D780F85464A}.Release|x86.Build.0 = Release|Any CPU
		{F0CD0A8A-9772-4482-9526-D2EEE29E37D1}.AppVeyor|Any CPU.ActiveCfg = AppVeyor|Any CPU
		{F0CD0A8A-9772-4482-9526-D2EEE29E37D1}.AppVeyor|Any CPU.Build.0 = AppVeyor|Any CPU
		{F0CD0A8A-9772-4482-9526-D2EEE29E37D1}.AppVeyor|x64.ActiveCfg = AppVeyor|Any CPU
		{F0CD0A8A-9772-4482-9526-D2EEE29E37D1}.AppVeyor|x64.Build.0 = AppVeyor|Any CPU
		{F0CD0A8A-9772-4482-9526-D2EEE29E37D1}.AppVeyor|x86.ActiveCfg = AppVeyor|Any CPU
		{F0CD0A8A-9772-4482-9526-D2EEE29E37D1}.AppVeyor|x86.Build.0 = AppVeyor|Any CPU
		{F0CD0A8A-9772-4482-9526-D2EEE29E37D1}.Debug|Any CPU.ActiveCfg = Debug|Any CPU
		{F0CD0A8A-9772-4482-9526-D2EEE29E37D1}.Debug|Any CPU.Build.0 = Debug|Any CPU
		{F0CD0A8A-9772-4482-9526-D2EEE29E37D1}.Debug|x64.ActiveCfg = Debug|Any CPU
		{F0CD0A8A-9772-4482-9526-D2EEE29E37D1}.Debug|x64.Build.0 = Debug|Any CPU
		{F0CD0A8A-9772-4482-9526-D2EEE29E37D1}.Debug|x86.ActiveCfg = Debug|Any CPU
		{F0CD0A8A-9772-4482-9526-D2EEE29E37D1}.Debug|x86.Build.0 = Debug|Any CPU
		{F0CD0A8A-9772-4482-9526-D2EEE29E37D1}.Release|Any CPU.ActiveCfg = Release|Any CPU
		{F0CD0A8A-9772-4482-9526-D2EEE29E37D1}.Release|Any CPU.Build.0 = Release|Any CPU
		{F0CD0A8A-9772-4482-9526-D2EEE29E37D1}.Release|x64.ActiveCfg = Release|Any CPU
		{F0CD0A8A-9772-4482-9526-D2EEE29E37D1}.Release|x64.Build.0 = Release|Any CPU
		{F0CD0A8A-9772-4482-9526-D2EEE29E37D1}.Release|x86.ActiveCfg = Release|Any CPU
		{F0CD0A8A-9772-4482-9526-D2EEE29E37D1}.Release|x86.Build.0 = Release|Any CPU
		{5A4DEFAA-29CB-432F-83BF-5970304DCD6C}.AppVeyor|Any CPU.ActiveCfg = AppVeyor|Any CPU
		{5A4DEFAA-29CB-432F-83BF-5970304DCD6C}.AppVeyor|Any CPU.Build.0 = AppVeyor|Any CPU
		{5A4DEFAA-29CB-432F-83BF-5970304DCD6C}.AppVeyor|x64.ActiveCfg = AppVeyor|Any CPU
		{5A4DEFAA-29CB-432F-83BF-5970304DCD6C}.AppVeyor|x64.Build.0 = AppVeyor|Any CPU
		{5A4DEFAA-29CB-432F-83BF-5970304DCD6C}.AppVeyor|x86.ActiveCfg = AppVeyor|Any CPU
		{5A4DEFAA-29CB-432F-83BF-5970304DCD6C}.AppVeyor|x86.Build.0 = AppVeyor|Any CPU
		{5A4DEFAA-29CB-432F-83BF-5970304DCD6C}.Debug|Any CPU.ActiveCfg = Debug|Any CPU
		{5A4DEFAA-29CB-432F-83BF-5970304DCD6C}.Debug|Any CPU.Build.0 = Debug|Any CPU
		{5A4DEFAA-29CB-432F-83BF-5970304DCD6C}.Debug|x64.ActiveCfg = Debug|Any CPU
		{5A4DEFAA-29CB-432F-83BF-5970304DCD6C}.Debug|x64.Build.0 = Debug|Any CPU
		{5A4DEFAA-29CB-432F-83BF-5970304DCD6C}.Debug|x86.ActiveCfg = Debug|Any CPU
		{5A4DEFAA-29CB-432F-83BF-5970304DCD6C}.Debug|x86.Build.0 = Debug|Any CPU
		{5A4DEFAA-29CB-432F-83BF-5970304DCD6C}.Release|Any CPU.ActiveCfg = Release|Any CPU
		{5A4DEFAA-29CB-432F-83BF-5970304DCD6C}.Release|Any CPU.Build.0 = Release|Any CPU
		{5A4DEFAA-29CB-432F-83BF-5970304DCD6C}.Release|x64.ActiveCfg = Release|Any CPU
		{5A4DEFAA-29CB-432F-83BF-5970304DCD6C}.Release|x64.Build.0 = Release|Any CPU
		{5A4DEFAA-29CB-432F-83BF-5970304DCD6C}.Release|x86.ActiveCfg = Release|Any CPU
		{5A4DEFAA-29CB-432F-83BF-5970304DCD6C}.Release|x86.Build.0 = Release|Any CPU
		{0484D42B-8BC9-42E4-9C70-DB505779F1E0}.AppVeyor|Any CPU.ActiveCfg = Debug|Any CPU
		{0484D42B-8BC9-42E4-9C70-DB505779F1E0}.AppVeyor|Any CPU.Build.0 = Debug|Any CPU
		{0484D42B-8BC9-42E4-9C70-DB505779F1E0}.AppVeyor|x64.ActiveCfg = Debug|Any CPU
		{0484D42B-8BC9-42E4-9C70-DB505779F1E0}.AppVeyor|x64.Build.0 = Debug|Any CPU
		{0484D42B-8BC9-42E4-9C70-DB505779F1E0}.AppVeyor|x86.ActiveCfg = Debug|Any CPU
		{0484D42B-8BC9-42E4-9C70-DB505779F1E0}.AppVeyor|x86.Build.0 = Debug|Any CPU
		{0484D42B-8BC9-42E4-9C70-DB505779F1E0}.Debug|Any CPU.ActiveCfg = Debug|Any CPU
		{0484D42B-8BC9-42E4-9C70-DB505779F1E0}.Debug|Any CPU.Build.0 = Debug|Any CPU
		{0484D42B-8BC9-42E4-9C70-DB505779F1E0}.Debug|x64.ActiveCfg = Debug|Any CPU
		{0484D42B-8BC9-42E4-9C70-DB505779F1E0}.Debug|x64.Build.0 = Debug|Any CPU
		{0484D42B-8BC9-42E4-9C70-DB505779F1E0}.Debug|x86.ActiveCfg = Debug|Any CPU
		{0484D42B-8BC9-42E4-9C70-DB505779F1E0}.Debug|x86.Build.0 = Debug|Any CPU
		{0484D42B-8BC9-42E4-9C70-DB505779F1E0}.Release|Any CPU.ActiveCfg = Release|Any CPU
		{0484D42B-8BC9-42E4-9C70-DB505779F1E0}.Release|Any CPU.Build.0 = Release|Any CPU
		{0484D42B-8BC9-42E4-9C70-DB505779F1E0}.Release|x64.ActiveCfg = Release|Any CPU
		{0484D42B-8BC9-42E4-9C70-DB505779F1E0}.Release|x64.Build.0 = Release|Any CPU
		{0484D42B-8BC9-42E4-9C70-DB505779F1E0}.Release|x86.ActiveCfg = Release|Any CPU
		{0484D42B-8BC9-42E4-9C70-DB505779F1E0}.Release|x86.Build.0 = Release|Any CPU
	EndGlobalSection
	GlobalSection(SolutionProperties) = preSolution
		HideSolutionNode = FALSE
	EndGlobalSection
	GlobalSection(NestedProjects) = preSolution
		{0D43122B-4D99-41B1-B855-5D780F85464A} = {52B2CE1E-A7E7-4680-A8A5-77D57FC85BAC}
		{F0CD0A8A-9772-4482-9526-D2EEE29E37D1} = {27BE0661-DCC9-431F-B162-F0C557216818}
		{5A4DEFAA-29CB-432F-83BF-5970304DCD6C} = {52B2CE1E-A7E7-4680-A8A5-77D57FC85BAC}
		{0484D42B-8BC9-42E4-9C70-DB505779F1E0} = {52B2CE1E-A7E7-4680-A8A5-77D57FC85BAC}
	EndGlobalSection
	GlobalSection(ExtensibilityGlobals) = postSolution
		SolutionGuid = {B787D906-3CA5-478D-BCE3-E8B7556B55B8}
	EndGlobalSection
EndGlobal
